
Microsoft Visual Studio Solution File, Format Version 12.00
# Visual Studio Version 16
VisualStudioVersion = 16.0.31702.278
MinimumVisualStudioVersion = 10.0.40219.1
Project("{FAE04EC0-301F-11D3-BF4B-00C04F79EFBC}") = "exersice 10", "exersice 10\exersice 10.csproj", "{A102CED3-F056-49B4-B8FF-BCD04BB8EB86}"
EndProject
Global
	GlobalSection(SolutionConfigurationPlatforms) = preSolution
		Debug|Any CPU = Debug|Any CPU
		Release|Any CPU = Release|Any CPU
	EndGlobalSection
	GlobalSection(ProjectConfigurationPlatforms) = postSolution
		{A102CED3-F056-49B4-B8FF-BCD04BB8EB86}.Debug|Any CPU.ActiveCfg = Debug|Any CPU
		{A102CED3-F056-49B4-B8FF-BCD04BB8EB86}.Debug|Any CPU.Build.0 = Debug|Any CPU
		{A102CED3-F056-49B4-B8FF-BCD04BB8EB86}.Release|Any CPU.ActiveCfg = Release|Any CPU
		{A102CED3-F056-49B4-B8FF-BCD04BB8EB86}.Release|Any CPU.Build.0 = Release|Any CPU
	EndGlobalSection
	GlobalSection(SolutionProperties) = preSolution
		HideSolutionNode = FALSE
	EndGlobalSection
	GlobalSection(ExtensibilityGlobals) = postSolution
		SolutionGuid = {8203013C-46E0-4817-A5C5-4C1EBA027AAB}
	EndGlobalSection
EndGlobal
