
Microsoft Visual Studio Solution File, Format Version 12.00
# Visual Studio Version 16
VisualStudioVersion = 16.0.31702.278
MinimumVisualStudioVersion = 10.0.40219.1
Project("{FAE04EC0-301F-11D3-BF4B-00C04F79EFBC}") = "exercise 5", "exercise 5\exercise 5.csproj", "{0264DCB6-6DBD-475D-9FFD-D6483F8BBF21}"
EndProject
Global
	GlobalSection(SolutionConfigurationPlatforms) = preSolution
		Debug|Any CPU = Debug|Any CPU
		Release|Any CPU = Release|Any CPU
	EndGlobalSection
	GlobalSection(ProjectConfigurationPlatforms) = postSolution
		{0264DCB6-6DBD-475D-9FFD-D6483F8BBF21}.Debug|Any CPU.ActiveCfg = Debug|Any CPU
		{0264DCB6-6DBD-475D-9FFD-D6483F8BBF21}.Debug|Any CPU.Build.0 = Debug|Any CPU
		{0264DCB6-6DBD-475D-9FFD-D6483F8BBF21}.Release|Any CPU.ActiveCfg = Release|Any CPU
		{0264DCB6-6DBD-475D-9FFD-D6483F8BBF21}.Release|Any CPU.Build.0 = Release|Any CPU
	EndGlobalSection
	GlobalSection(SolutionProperties) = preSolution
		HideSolutionNode = FALSE
	EndGlobalSection
	GlobalSection(ExtensibilityGlobals) = postSolution
		SolutionGuid = {873262E1-4648-4103-9137-44AA0E5DD141}
	EndGlobalSection
EndGlobal
