
Microsoft Visual Studio Solution File, Format Version 12.00
# Visual Studio Version 16
VisualStudioVersion = 16.0.31702.278
MinimumVisualStudioVersion = 10.0.40219.1
Project("{FAE04EC0-301F-11D3-BF4B-00C04F79EFBC}") = "Practice Characters and strings", "Practice Characters and strings\Practice Characters and strings.csproj", "{2C6AACD8-53D6-4F65-9C5D-9ED55F6EE62C}"
EndProject
Global
	GlobalSection(SolutionConfigurationPlatforms) = preSolution
		Debug|Any CPU = Debug|Any CPU
		Release|Any CPU = Release|Any CPU
	EndGlobalSection
	GlobalSection(ProjectConfigurationPlatforms) = postSolution
		{2C6AACD8-53D6-4F65-9C5D-9ED55F6EE62C}.Debug|Any CPU.ActiveCfg = Debug|Any CPU
		{2C6AACD8-53D6-4F65-9C5D-9ED55F6EE62C}.Debug|Any CPU.Build.0 = Debug|Any CPU
		{2C6AACD8-53D6-4F65-9C5D-9ED55F6EE62C}.Release|Any CPU.ActiveCfg = Release|Any CPU
		{2C6AACD8-53D6-4F65-9C5D-9ED55F6EE62C}.Release|Any CPU.Build.0 = Release|Any CPU
	EndGlobalSection
	GlobalSection(SolutionProperties) = preSolution
		HideSolutionNode = FALSE
	EndGlobalSection
	GlobalSection(ExtensibilityGlobals) = postSolution
		SolutionGuid = {CD82AC43-28C1-4F43-8C2E-DF11CD3DC97C}
	EndGlobalSection
EndGlobal
