
Microsoft Visual Studio Solution File, Format Version 12.00
# Visual Studio Version 16
VisualStudioVersion = 16.0.31702.278
MinimumVisualStudioVersion = 10.0.40219.1
Project("{FAE04EC0-301F-11D3-BF4B-00C04F79EFBC}") = "Exchange Variable Values", "Exchange Variable Values\Exchange Variable Values.csproj", "{F18D06A1-89CC-4DF4-8179-D20B6D3313A8}"
EndProject
Global
	GlobalSection(SolutionConfigurationPlatforms) = preSolution
		Debug|Any CPU = Debug|Any CPU
		Release|Any CPU = Release|Any CPU
	EndGlobalSection
	GlobalSection(ProjectConfigurationPlatforms) = postSolution
		{F18D06A1-89CC-4DF4-8179-D20B6D3313A8}.Debug|Any CPU.ActiveCfg = Debug|Any CPU
		{F18D06A1-89CC-4DF4-8179-D20B6D3313A8}.Debug|Any CPU.Build.0 = Debug|Any CPU
		{F18D06A1-89CC-4DF4-8179-D20B6D3313A8}.Release|Any CPU.ActiveCfg = Release|Any CPU
		{F18D06A1-89CC-4DF4-8179-D20B6D3313A8}.Release|Any CPU.Build.0 = Release|Any CPU
	EndGlobalSection
	GlobalSection(SolutionProperties) = preSolution
		HideSolutionNode = FALSE
	EndGlobalSection
	GlobalSection(ExtensibilityGlobals) = postSolution
		SolutionGuid = {84C42E6A-364A-4399-8E70-F108884BD2CB}
	EndGlobalSection
EndGlobal
