
Microsoft Visual Studio Solution File, Format Version 12.00
# Visual Studio Version 16
VisualStudioVersion = 16.0.31702.278
MinimumVisualStudioVersion = 10.0.40219.1
Project("{FAE04EC0-301F-11D3-BF4B-00C04F79EFBC}") = "Classproject", "Classproject\Classproject.csproj", "{89328359-FA06-4B88-908F-84F8C7A67174}"
EndProject
Global
	GlobalSection(SolutionConfigurationPlatforms) = preSolution
		Debug|Any CPU = Debug|Any CPU
		Release|Any CPU = Release|Any CPU
	EndGlobalSection
	GlobalSection(ProjectConfigurationPlatforms) = postSolution
		{89328359-FA06-4B88-908F-84F8C7A67174}.Debug|Any CPU.ActiveCfg = Debug|Any CPU
		{89328359-FA06-4B88-908F-84F8C7A67174}.Debug|Any CPU.Build.0 = Debug|Any CPU
		{89328359-FA06-4B88-908F-84F8C7A67174}.Release|Any CPU.ActiveCfg = Release|Any CPU
		{89328359-FA06-4B88-908F-84F8C7A67174}.Release|Any CPU.Build.0 = Release|Any CPU
	EndGlobalSection
	GlobalSection(SolutionProperties) = preSolution
		HideSolutionNode = FALSE
	EndGlobalSection
	GlobalSection(ExtensibilityGlobals) = postSolution
		SolutionGuid = {07B73C5F-49BD-4786-BC61-85B62886BAE8}
	EndGlobalSection
EndGlobal
