
Microsoft Visual Studio Solution File, Format Version 12.00
# Visual Studio Version 16
VisualStudioVersion = 16.0.31702.278
MinimumVisualStudioVersion = 10.0.40219.1
Project("{FAE04EC0-301F-11D3-BF4B-00C04F79EFBC}") = "Hello world", "Hello world\Hello world.csproj", "{FA26F95E-BAA5-40F0-8BF7-C66531B931C7}"
EndProject
Global
	GlobalSection(SolutionConfigurationPlatforms) = preSolution
		Debug|Any CPU = Debug|Any CPU
		Release|Any CPU = Release|Any CPU
	EndGlobalSection
	GlobalSection(ProjectConfigurationPlatforms) = postSolution
		{FA26F95E-BAA5-40F0-8BF7-C66531B931C7}.Debug|Any CPU.ActiveCfg = Debug|Any CPU
		{FA26F95E-BAA5-40F0-8BF7-C66531B931C7}.Debug|Any CPU.Build.0 = Debug|Any CPU
		{FA26F95E-BAA5-40F0-8BF7-C66531B931C7}.Release|Any CPU.ActiveCfg = Release|Any CPU
		{FA26F95E-BAA5-40F0-8BF7-C66531B931C7}.Release|Any CPU.Build.0 = Release|Any CPU
	EndGlobalSection
	GlobalSection(SolutionProperties) = preSolution
		HideSolutionNode = FALSE
	EndGlobalSection
	GlobalSection(ExtensibilityGlobals) = postSolution
		SolutionGuid = {ECB4B303-7DE2-4770-A2A1-1DA76E8F8CB4}
	EndGlobalSection
EndGlobal
