
Microsoft Visual Studio Solution File, Format Version 12.00
# Visual Studio Version 16
VisualStudioVersion = 16.0.31702.278
MinimumVisualStudioVersion = 10.0.40219.1
Project("{FAE04EC0-301F-11D3-BF4B-00C04F79EFBC}") = "exersice 9", "exersice 9\exersice 9.csproj", "{D99C9809-21BE-4069-8001-403880E975EE}"
EndProject
Global
	GlobalSection(SolutionConfigurationPlatforms) = preSolution
		Debug|Any CPU = Debug|Any CPU
		Release|Any CPU = Release|Any CPU
	EndGlobalSection
	GlobalSection(ProjectConfigurationPlatforms) = postSolution
		{D99C9809-21BE-4069-8001-403880E975EE}.Debug|Any CPU.ActiveCfg = Debug|Any CPU
		{D99C9809-21BE-4069-8001-403880E975EE}.Debug|Any CPU.Build.0 = Debug|Any CPU
		{D99C9809-21BE-4069-8001-403880E975EE}.Release|Any CPU.ActiveCfg = Release|Any CPU
		{D99C9809-21BE-4069-8001-403880E975EE}.Release|Any CPU.Build.0 = Release|Any CPU
	EndGlobalSection
	GlobalSection(SolutionProperties) = preSolution
		HideSolutionNode = FALSE
	EndGlobalSection
	GlobalSection(ExtensibilityGlobals) = postSolution
		SolutionGuid = {44AFB909-0E84-4E0F-96A9-D2FDE30282C8}
	EndGlobalSection
EndGlobal
