
Microsoft Visual Studio Solution File, Format Version 12.00
# Visual Studio Version 16
VisualStudioVersion = 16.0.31702.278
MinimumVisualStudioVersion = 10.0.40219.1
Project("{FAE04EC0-301F-11D3-BF4B-00C04F79EFBC}") = "Programming 2", "Programming 2\Programming 2.csproj", "{5F3CE456-DF55-4DC7-98E2-BAB43B140D00}"
EndProject
Global
	GlobalSection(SolutionConfigurationPlatforms) = preSolution
		Debug|Any CPU = Debug|Any CPU
		Release|Any CPU = Release|Any CPU
	EndGlobalSection
	GlobalSection(ProjectConfigurationPlatforms) = postSolution
		{5F3CE456-DF55-4DC7-98E2-BAB43B140D00}.Debug|Any CPU.ActiveCfg = Debug|Any CPU
		{5F3CE456-DF55-4DC7-98E2-BAB43B140D00}.Debug|Any CPU.Build.0 = Debug|Any CPU
		{5F3CE456-DF55-4DC7-98E2-BAB43B140D00}.Release|Any CPU.ActiveCfg = Release|Any CPU
		{5F3CE456-DF55-4DC7-98E2-BAB43B140D00}.Release|Any CPU.Build.0 = Release|Any CPU
	EndGlobalSection
	GlobalSection(SolutionProperties) = preSolution
		HideSolutionNode = FALSE
	EndGlobalSection
	GlobalSection(ExtensibilityGlobals) = postSolution
		SolutionGuid = {242D9C93-C9FB-43BA-9E7B-57425648B2A3}
	EndGlobalSection
EndGlobal
